{
    "_readme": [
        "This file locks the dependencies of your project to a known state",
        "Read more about it at https://getcomposer.org/doc/01-basic-usage.md#composer-lock-the-lock-file",
        "This file is @generated automatically"
    ],
    "hash": "9aa4ed8c87466c81059e487350a52562",
    "content-hash": "8af9d881758b0da1f748bcb98a973e15",
    "packages": [
        {
            "name": "eoghanobrien/php-simple-mail",
            "version": "1.5.0",
            "source": {
                "type": "git",
                "url": "https://github.com/eoghanobrien/php-simple-mail.git",
                "reference": "c9d6bf3e768c0b7ac3fd3f079249f8bfb84ffcfb"
            },
            "dist": {
                "type": "zip",
                "url": "https://api.github.com/repos/eoghanobrien/php-simple-mail/zipball/c9d6bf3e768c0b7ac3fd3f079249f8bfb84ffcfb",
                "reference": "c9d6bf3e768c0b7ac3fd3f079249f8bfb84ffcfb",
                "shasum": ""
            },
            "require": {
                "php": ">=5.2.0"
            },
            "type": "library",
            "autoload": {
                "classmap": [
                    "class.simple_mail.php"
                ]
            },
            "notification-url": "https://packagist.org/downloads/",
            "license": [
                "MIT"
            ],
            "authors": [
                {
                    "name": "Eoghan O'Brien",
                    "email": "eoghan@eoghanobrien.com",
                    "homepage": "http://www.eoghanobrien.com",
                    "role": "Developer"
                }
            ],
            "description": "Simple PHP 5 Email Class with Chainable Methods",
            "homepage": "https://github.com/eoghanobrien/php-simple-mail",
            "keywords": [
                "email",
                "php5"
            ],
            "time": "2015-11-13 08:40:58"
        }
    ],
    "packages-dev": [],
    "aliases": [],
    "minimum-stability": "stable",
    "stability-flags": [],
    "prefer-stable": false,
    "prefer-lowest": false,
    "platform": [],
    "platform-dev": []
}
